# This file is automatically @generated by Cargo.
# It is not intended for manual editing.
version = 3

[[package]]
name = "buddy-alloc"
version = "0.4.1"
source = "registry+https://github.com/rust-lang/crates.io-index"
checksum = "8ff9f338986406db85e2b5deb40a9255b796ca03a194c7457403d215173f3fd5"

[[package]]
name = "cc"
version = "1.0.66"
source = "registry+https://github.com/rust-lang/crates.io-index"
checksum = "4c0496836a84f8d0495758516b8621a622beb77c0fed418570e50764093ced48"

[[package]]
name = "cfg-if"
version = "0.1.10"
source = "registry+https://github.com/rust-lang/crates.io-index"
checksum = "4785bdd1c96b2a846b2bd7cc02e86b6b3dbf14e7e53446c4f54c92a361040822"

[[package]]
name = "ckb-standalone-types"
version = "0.0.1-pre.1"
source = "registry+https://github.com/rust-lang/crates.io-index"
checksum = "af2cdbdf65ee5b1da71504f5a03d6984bce77d0b4b46daff63f4ba4a3b0eef08"
dependencies = [
 "cfg-if",
 "molecule",
]

[[package]]
name = "ckb-std"
version = "0.7.1"
source = "registry+https://github.com/rust-lang/crates.io-index"
checksum = "c9baa934b70b15759b6d0c118b33c56cc4a64c1c35bece24af8c9e2e11cf1541"
dependencies = [
 "buddy-alloc",
 "cc",
 "ckb-standalone-types",
]

[[package]]
name = "das-types"
version = "0.1.0"
dependencies = [
 "ckb-std",
 "hex",
 "molecule",
 "no-std-compat",
]

[[package]]
name = "hex"
version = "0.4.2"
source = "registry+https://github.com/rust-lang/crates.io-index"
checksum = "644f9158b2f133fd50f5fb3242878846d9eb792e445c893805ff0e3824006e35"

[[package]]
name = "molecule"
version = "0.6.0"
source = "registry+https://github.com/rust-lang/crates.io-index"
checksum = "663f76cc52219e5957e2f5563cce9d89f98aa8503c9c898b5c412d97df663998"
dependencies = [
 "cfg-if",
]

[[package]]
name = "no-std-compat"
version = "0.4.1"
source = "registry+https://github.com/rust-lang/crates.io-index"
checksum = "b93853da6d84c2e3c7d730d6473e8817692dd89be387eb01b94d7f108ecb5b8c"
